{
  "name": "v_runDB",
  "version": "1.0.0",
  "lockfileVersion": 1,
  "requires": true,
  "dependencies": {
    "wx-server-sdk": {
      "version": "1.8.0",
      "resolved": "https://registry.npmjs.org/wx-server-sdk/-/wx-server-sdk-1.8.0.tgz",
      "integrity": "sha512-g6fOCTFvzZc/3krQX1p4yK0BYsc6xPfLkD6IUg6L9w3XFTozKyZJpZJ791dsN/jVDqCgxjECnIFClYrp1GAqeA=="
    }
  }
}
